
Microsoft Visual Studio Solution File, Format Version 12.00
# Visual Studio 15
VisualStudioVersion = 15.0.28307.489
MinimumVisualStudioVersion = 10.0.40219.1
Project("{2150E333-8FDC-42A3-9474-1A3956D46DE8}") = "src", "src", "{7F264EF7-0EA1-482C-989F-61882410FE60}"
EndProject
Project("{6EC3EE1D-3C4E-46DD-8F32-0CC8E7565705}") = "BitThicket.Bitcoin", "src\BitThicket.Bitcoin\BitThicket.Bitcoin.fsproj", "{3C9B1EC6-21AE-4B63-823C-58B83ADB3119}"
EndProject
Project("{2150E333-8FDC-42A3-9474-1A3956D46DE8}") = "Solution Items", "Solution Items", "{6244C7CF-ED33-4A74-8852-13A4FA3F53AC}"
	ProjectSection(SolutionItems) = preProject
		build.cmd = build.cmd
		build.fsx = build.fsx
		paket.dependencies = paket.dependencies
	EndProjectSection
EndProject
Project("{2150E333-8FDC-42A3-9474-1A3956D46DE8}") = "Performance", "Performance", "{2867806B-2C67-426C-A89C-0A58322EB74F}"
	ProjectSection(SolutionItems) = preProject
		Performance\Report190407(1).app.etl = Performance\Report190407(1).app.etl
		Performance\Report190407(1).vsp = Performance\Report190407(1).vsp
		Performance\Report190407(2).app.etl = Performance\Report190407(2).app.etl
		Performance\Report190407(2).vsp = Performance\Report190407(2).vsp
		Performance\Report190407.app.etl = Performance\Report190407.app.etl
		Performance\Report190407.vsp = Performance\Report190407.vsp
		Performance\Report20190407-1635.diagsession = Performance\Report20190407-1635.diagsession
	EndProjectSection
EndProject
Project("{2150E333-8FDC-42A3-9474-1A3956D46DE8}") = "test", "test", "{BF63033D-6524-48E5-9DC7-407127062A1C}"
EndProject
Project("{F2A71F9B-5D33-465A-A702-920D77279786}") = "BitThicket.Bitcoin.Test", "test\BitThicket.Bitcoin.Test\BitThicket.Bitcoin.Test.fsproj", "{1130777B-A560-418D-8B02-CF24112FAA6C}"
EndProject
Project("{F2A71F9B-5D33-465A-A702-920D77279786}") = "BitThicket.Bitcoin.Client", "src\BitThicket.Bitcoin.Client\BitThicket.Bitcoin.Client.fsproj", "{328753FE-C231-4BF5-90EB-119E2D6D6E78}"
EndProject
Project("{F2A71F9B-5D33-465A-A702-920D77279786}") = "BitThicket.Bitcoin.Protocol", "src\BitThicket.Bitcoin.Protocol\BitThicket.Bitcoin.Protocol.fsproj", "{E70F4CAB-89A3-49C8-8582-71F75989006C}"
EndProject
Project("{F2A71F9B-5D33-465A-A702-920D77279786}") = "BitThicket.Bitcoin.Protocol.Test", "test\BitThicket.Bitcoin.Protocol.Test\BitThicket.Bitcoin.Protocol.Test.fsproj", "{66970528-4AA7-4C1A-A15F-0E9BF6FE1532}"
EndProject
Project("{F2A71F9B-5D33-465A-A702-920D77279786}") = "BitThicket.Bitcoin.Client.Test", "test\BitThicket.Bitcoin.Client.Test\BitThicket.Bitcoin.Client.Test.fsproj", "{CA534D82-488D-4F43-8DA9-65402125BB93}"
EndProject
Global
	GlobalSection(Performance) = preSolution
		HasPerformanceSessions = true
	EndGlobalSection
	GlobalSection(SolutionConfigurationPlatforms) = preSolution
		Debug|Any CPU = Debug|Any CPU
		Debug|x64 = Debug|x64
		Debug|x86 = Debug|x86
		Release|Any CPU = Release|Any CPU
		Release|x64 = Release|x64
		Release|x86 = Release|x86
	EndGlobalSection
	GlobalSection(ProjectConfigurationPlatforms) = postSolution
		{3C9B1EC6-21AE-4B63-823C-58B83ADB3119}.Debug|Any CPU.ActiveCfg = Debug|Any CPU
		{3C9B1EC6-21AE-4B63-823C-58B83ADB3119}.Debug|Any CPU.Build.0 = Debug|Any CPU
		{3C9B1EC6-21AE-4B63-823C-58B83ADB3119}.Debug|x64.ActiveCfg = Debug|Any CPU
		{3C9B1EC6-21AE-4B63-823C-58B83ADB3119}.Debug|x64.Build.0 = Debug|Any CPU
		{3C9B1EC6-21AE-4B63-823C-58B83ADB3119}.Debug|x86.ActiveCfg = Debug|Any CPU
		{3C9B1EC6-21AE-4B63-823C-58B83ADB3119}.Debug|x86.Build.0 = Debug|Any CPU
		{3C9B1EC6-21AE-4B63-823C-58B83ADB3119}.Release|Any CPU.ActiveCfg = Release|Any CPU
		{3C9B1EC6-21AE-4B63-823C-58B83ADB3119}.Release|Any CPU.Build.0 = Release|Any CPU
		{3C9B1EC6-21AE-4B63-823C-58B83ADB3119}.Release|x64.ActiveCfg = Release|Any CPU
		{3C9B1EC6-21AE-4B63-823C-58B83ADB3119}.Release|x64.Build.0 = Release|Any CPU
		{3C9B1EC6-21AE-4B63-823C-58B83ADB3119}.Release|x86.ActiveCfg = Release|Any CPU
		{3C9B1EC6-21AE-4B63-823C-58B83ADB3119}.Release|x86.Build.0 = Release|Any CPU
		{1130777B-A560-418D-8B02-CF24112FAA6C}.Debug|Any CPU.ActiveCfg = Debug|Any CPU
		{1130777B-A560-418D-8B02-CF24112FAA6C}.Debug|Any CPU.Build.0 = Debug|Any CPU
		{1130777B-A560-418D-8B02-CF24112FAA6C}.Debug|x64.ActiveCfg = Debug|Any CPU
		{1130777B-A560-418D-8B02-CF24112FAA6C}.Debug|x64.Build.0 = Debug|Any CPU
		{1130777B-A560-418D-8B02-CF24112FAA6C}.Debug|x86.ActiveCfg = Debug|Any CPU
		{1130777B-A560-418D-8B02-CF24112FAA6C}.Debug|x86.Build.0 = Debug|Any CPU
		{1130777B-A560-418D-8B02-CF24112FAA6C}.Release|Any CPU.ActiveCfg = Release|Any CPU
		{1130777B-A560-418D-8B02-CF24112FAA6C}.Release|Any CPU.Build.0 = Release|Any CPU
		{1130777B-A560-418D-8B02-CF24112FAA6C}.Release|x64.ActiveCfg = Release|Any CPU
		{1130777B-A560-418D-8B02-CF24112FAA6C}.Release|x64.Build.0 = Release|Any CPU
		{1130777B-A560-418D-8B02-CF24112FAA6C}.Release|x86.ActiveCfg = Release|Any CPU
		{1130777B-A560-418D-8B02-CF24112FAA6C}.Release|x86.Build.0 = Release|Any CPU
		{328753FE-C231-4BF5-90EB-119E2D6D6E78}.Debug|Any CPU.ActiveCfg = Debug|Any CPU
		{328753FE-C231-4BF5-90EB-119E2D6D6E78}.Debug|Any CPU.Build.0 = Debug|Any CPU
		{328753FE-C231-4BF5-90EB-119E2D6D6E78}.Debug|x64.ActiveCfg = Debug|Any CPU
		{328753FE-C231-4BF5-90EB-119E2D6D6E78}.Debug|x64.Build.0 = Debug|Any CPU
		{328753FE-C231-4BF5-90EB-119E2D6D6E78}.Debug|x86.ActiveCfg = Debug|Any CPU
		{328753FE-C231-4BF5-90EB-119E2D6D6E78}.Debug|x86.Build.0 = Debug|Any CPU
		{328753FE-C231-4BF5-90EB-119E2D6D6E78}.Release|Any CPU.ActiveCfg = Release|Any CPU
		{328753FE-C231-4BF5-90EB-119E2D6D6E78}.Release|Any CPU.Build.0 = Release|Any CPU
		{328753FE-C231-4BF5-90EB-119E2D6D6E78}.Release|x64.ActiveCfg = Release|Any CPU
		{328753FE-C231-4BF5-90EB-119E2D6D6E78}.Release|x64.Build.0 = Release|Any CPU
		{328753FE-C231-4BF5-90EB-119E2D6D6E78}.Release|x86.ActiveCfg = Release|Any CPU
		{328753FE-C231-4BF5-90EB-119E2D6D6E78}.Release|x86.Build.0 = Release|Any CPU
		{E70F4CAB-89A3-49C8-8582-71F75989006C}.Debug|Any CPU.ActiveCfg = Debug|Any CPU
		{E70F4CAB-89A3-49C8-8582-71F75989006C}.Debug|Any CPU.Build.0 = Debug|Any CPU
		{E70F4CAB-89A3-49C8-8582-71F75989006C}.Debug|x64.ActiveCfg = Debug|Any CPU
		{E70F4CAB-89A3-49C8-8582-71F75989006C}.Debug|x64.Build.0 = Debug|Any CPU
		{E70F4CAB-89A3-49C8-8582-71F75989006C}.Debug|x86.ActiveCfg = Debug|Any CPU
		{E70F4CAB-89A3-49C8-8582-71F75989006C}.Debug|x86.Build.0 = Debug|Any CPU
		{E70F4CAB-89A3-49C8-8582-71F75989006C}.Release|Any CPU.ActiveCfg = Release|Any CPU
		{E70F4CAB-89A3-49C8-8582-71F75989006C}.Release|Any CPU.Build.0 = Release|Any CPU
		{E70F4CAB-89A3-49C8-8582-71F75989006C}.Release|x64.ActiveCfg = Release|Any CPU
		{E70F4CAB-89A3-49C8-8582-71F75989006C}.Release|x64.Build.0 = Release|Any CPU
		{E70F4CAB-89A3-49C8-8582-71F75989006C}.Release|x86.ActiveCfg = Release|Any CPU
		{E70F4CAB-89A3-49C8-8582-71F75989006C}.Release|x86.Build.0 = Release|Any CPU
		{66970528-4AA7-4C1A-A15F-0E9BF6FE1532}.Debug|Any CPU.ActiveCfg = Debug|Any CPU
		{66970528-4AA7-4C1A-A15F-0E9BF6FE1532}.Debug|Any CPU.Build.0 = Debug|Any CPU
		{66970528-4AA7-4C1A-A15F-0E9BF6FE1532}.Debug|x64.ActiveCfg = Debug|Any CPU
		{66970528-4AA7-4C1A-A15F-0E9BF6FE1532}.Debug|x64.Build.0 = Debug|Any CPU
		{66970528-4AA7-4C1A-A15F-0E9BF6FE1532}.Debug|x86.ActiveCfg = Debug|Any CPU
		{66970528-4AA7-4C1A-A15F-0E9BF6FE1532}.Debug|x86.Build.0 = Debug|Any CPU
		{66970528-4AA7-4C1A-A15F-0E9BF6FE1532}.Release|Any CPU.ActiveCfg = Release|Any CPU
		{66970528-4AA7-4C1A-A15F-0E9BF6FE1532}.Release|Any CPU.Build.0 = Release|Any CPU
		{66970528-4AA7-4C1A-A15F-0E9BF6FE1532}.Release|x64.ActiveCfg = Release|Any CPU
		{66970528-4AA7-4C1A-A15F-0E9BF6FE1532}.Release|x64.Build.0 = Release|Any CPU
		{66970528-4AA7-4C1A-A15F-0E9BF6FE1532}.Release|x86.ActiveCfg = Release|Any CPU
		{66970528-4AA7-4C1A-A15F-0E9BF6FE1532}.Release|x86.Build.0 = Release|Any CPU
		{CA534D82-488D-4F43-8DA9-65402125BB93}.Debug|Any CPU.ActiveCfg = Debug|Any CPU
		{CA534D82-488D-4F43-8DA9-65402125BB93}.Debug|Any CPU.Build.0 = Debug|Any CPU
		{CA534D82-488D-4F43-8DA9-65402125BB93}.Debug|x64.ActiveCfg = Debug|Any CPU
		{CA534D82-488D-4F43-8DA9-65402125BB93}.Debug|x64.Build.0 = Debug|Any CPU
		{CA534D82-488D-4F43-8DA9-65402125BB93}.Debug|x86.ActiveCfg = Debug|Any CPU
		{CA534D82-488D-4F43-8DA9-65402125BB93}.Debug|x86.Build.0 = Debug|Any CPU
		{CA534D82-488D-4F43-8DA9-65402125BB93}.Release|Any CPU.ActiveCfg = Release|Any CPU
		{CA534D82-488D-4F43-8DA9-65402125BB93}.Release|Any CPU.Build.0 = Release|Any CPU
		{CA534D82-488D-4F43-8DA9-65402125BB93}.Release|x64.ActiveCfg = Release|Any CPU
		{CA534D82-488D-4F43-8DA9-65402125BB93}.Release|x64.Build.0 = Release|Any CPU
		{CA534D82-488D-4F43-8DA9-65402125BB93}.Release|x86.ActiveCfg = Release|Any CPU
		{CA534D82-488D-4F43-8DA9-65402125BB93}.Release|x86.Build.0 = Release|Any CPU
	EndGlobalSection
	GlobalSection(SolutionProperties) = preSolution
		HideSolutionNode = FALSE
	EndGlobalSection
	GlobalSection(NestedProjects) = preSolution
		{3C9B1EC6-21AE-4B63-823C-58B83ADB3119} = {7F264EF7-0EA1-482C-989F-61882410FE60}
		{1130777B-A560-418D-8B02-CF24112FAA6C} = {BF63033D-6524-48E5-9DC7-407127062A1C}
		{328753FE-C231-4BF5-90EB-119E2D6D6E78} = {7F264EF7-0EA1-482C-989F-61882410FE60}
		{E70F4CAB-89A3-49C8-8582-71F75989006C} = {7F264EF7-0EA1-482C-989F-61882410FE60}
		{66970528-4AA7-4C1A-A15F-0E9BF6FE1532} = {BF63033D-6524-48E5-9DC7-407127062A1C}
		{CA534D82-488D-4F43-8DA9-65402125BB93} = {BF63033D-6524-48E5-9DC7-407127062A1C}
	EndGlobalSection
	GlobalSection(ExtensibilityGlobals) = postSolution
		SolutionGuid = {47456941-DAE3-4ED0-8D53-55C7A34F1364}
	EndGlobalSection
	GlobalSection(Performance) = preSolution
		HasPerformanceSessions = true
	EndGlobalSection
	GlobalSection(Performance) = preSolution
		HasPerformanceSessions = true
	EndGlobalSection
	GlobalSection(Performance) = preSolution
		HasPerformanceSessions = true
	EndGlobalSection
	GlobalSection(Performance) = preSolution
		HasPerformanceSessions = true
	EndGlobalSection
	GlobalSection(Performance) = preSolution
		HasPerformanceSessions = true
	EndGlobalSection
	GlobalSection(Performance) = preSolution
		HasPerformanceSessions = true
	EndGlobalSection
EndGlobal
